
Microsoft Visual Studio Solution File, Format Version 12.00
# Visual Studio Version 17
VisualStudioVersion = 17.10.34928.147
MinimumVisualStudioVersion = 10.0.40219.1
Project("{FAE04EC0-301F-11D3-BF4B-00C04F79EFBC}") = "Calculadora_Guia2", "Calculadora_Guia2\Calculadora_Guia2.csproj", "{D3D96DA5-A5A6-473D-950B-E4FE95FD7B44}"
EndProject
Global
	GlobalSection(SolutionConfigurationPlatforms) = preSolution
		Debug|Any CPU = Debug|Any CPU
		Release|Any CPU = Release|Any CPU
	EndGlobalSection
	GlobalSection(ProjectConfigurationPlatforms) = postSolution
		{D3D96DA5-A5A6-473D-950B-E4FE95FD7B44}.Debug|Any CPU.ActiveCfg = Debug|Any CPU
		{D3D96DA5-A5A6-473D-950B-E4FE95FD7B44}.Debug|Any CPU.Build.0 = Debug|Any CPU
		{D3D96DA5-A5A6-473D-950B-E4FE95FD7B44}.Release|Any CPU.ActiveCfg = Release|Any CPU
		{D3D96DA5-A5A6-473D-950B-E4FE95FD7B44}.Release|Any CPU.Build.0 = Release|Any CPU
	EndGlobalSection
	GlobalSection(SolutionProperties) = preSolution
		HideSolutionNode = FALSE
	EndGlobalSection
	GlobalSection(ExtensibilityGlobals) = postSolution
		SolutionGuid = {F61342E6-93D8-4004-82D7-8D91B24FEFA2}
	EndGlobalSection
EndGlobal
